
Microsoft Visual Studio Solution File, Format Version 12.00
# Visual Studio Version 17
VisualStudioVersion = 17.9.34728.123
MinimumVisualStudioVersion = 10.0.40219.1
Project("{FAE04EC0-301F-11D3-BF4B-00C04F79EFBC}") = "Chain", "Chain\Chain.csproj", "{24DBFCBC-45AF-405D-9E1F-637982C1061F}"
EndProject
Global
	GlobalSection(SolutionConfigurationPlatforms) = preSolution
		Debug|Any CPU = Debug|Any CPU
		Release|Any CPU = Release|Any CPU
	EndGlobalSection
	GlobalSection(ProjectConfigurationPlatforms) = postSolution
		{24DBFCBC-45AF-405D-9E1F-637982C1061F}.Debug|Any CPU.ActiveCfg = Debug|Any CPU
		{24DBFCBC-45AF-405D-9E1F-637982C1061F}.Debug|Any CPU.Build.0 = Debug|Any CPU
		{24DBFCBC-45AF-405D-9E1F-637982C1061F}.Release|Any CPU.ActiveCfg = Release|Any CPU
		{24DBFCBC-45AF-405D-9E1F-637982C1061F}.Release|Any CPU.Build.0 = Release|Any CPU
	EndGlobalSection
	GlobalSection(SolutionProperties) = preSolution
		HideSolutionNode = FALSE
	EndGlobalSection
	GlobalSection(ExtensibilityGlobals) = postSolution
		SolutionGuid = {585999DF-8F47-44AF-BE28-B25E35E5F6B0}
	EndGlobalSection
EndGlobal
